
Microsoft Visual Studio Solution File, Format Version 12.00
# Visual Studio Version 16
VisualStudioVersion = 16.0.31729.503
MinimumVisualStudioVersion = 10.0.40219.1
Project("{8BC9CEB8-8B4A-11D0-8D11-00A0C91BC942}") = "HomeWork_OOP_3_Zadanie_4", "HomeWork_OOP_3_Zadanie_4\HomeWork_OOP_3_Zadanie_4.vcxproj", "{F54D9DBC-AECE-42D3-AF37-E16319506955}"
EndProject
Global
	GlobalSection(SolutionConfigurationPlatforms) = preSolution
		Debug|x64 = Debug|x64
		Debug|x86 = Debug|x86
		Release|x64 = Release|x64
		Release|x86 = Release|x86
	EndGlobalSection
	GlobalSection(ProjectConfigurationPlatforms) = postSolution
		{F54D9DBC-AECE-42D3-AF37-E16319506955}.Debug|x64.ActiveCfg = Debug|x64
		{F54D9DBC-AECE-42D3-AF37-E16319506955}.Debug|x64.Build.0 = Debug|x64
		{F54D9DBC-AECE-42D3-AF37-E16319506955}.Debug|x86.ActiveCfg = Debug|Win32
		{F54D9DBC-AECE-42D3-AF37-E16319506955}.Debug|x86.Build.0 = Debug|Win32
		{F54D9DBC-AECE-42D3-AF37-E16319506955}.Release|x64.ActiveCfg = Release|x64
		{F54D9DBC-AECE-42D3-AF37-E16319506955}.Release|x64.Build.0 = Release|x64
		{F54D9DBC-AECE-42D3-AF37-E16319506955}.Release|x86.ActiveCfg = Release|Win32
		{F54D9DBC-AECE-42D3-AF37-E16319506955}.Release|x86.Build.0 = Release|Win32
	EndGlobalSection
	GlobalSection(SolutionProperties) = preSolution
		HideSolutionNode = FALSE
	EndGlobalSection
	GlobalSection(ExtensibilityGlobals) = postSolution
		SolutionGuid = {8307D7DC-3EF5-447A-9F54-F8AA34F9F4B2}
	EndGlobalSection
EndGlobal
